// !$*UTF8*$!
{
	archiveVersion = 1;
	classes = {
	};
	objectVersion = 50;
	objects = {

/* Begin PBXBuildFile section */
		5592E96A24E1216C002EC3FC /* AppDelegate.swift in Sources */ = {isa = PBXBuildFile; fileRef = 5592E96924E1216C002EC3FC /* AppDelegate.swift */; };
		5592E96C24E1216C002EC3FC /* SceneDelegate.swift in Sources */ = {isa = PBXBuildFile; fileRef = 5592E96B24E1216C002EC3FC /* SceneDelegate.swift */; };
		5592E96E24E1216C002EC3FC /* LoginViewController.swift in Sources */ = {isa = PBXBuildFile; fileRef = 5592E96D24E1216C002EC3FC /* LoginViewController.swift */; };
		5592E97124E1216C002EC3FC /* Main.storyboard in Resources */ = {isa = PBXBuildFile; fileRef = 5592E96F24E1216C002EC3FC /* Main.storyboard */; };
		5592E97324E12170002EC3FC /* Assets.xcassets in Resources */ = {isa = PBXBuildFile; fileRef = 5592E97224E12170002EC3FC /* Assets.xcassets */; };
		5592E97624E12170002EC3FC /* LaunchScreen.storyboard in Resources */ = {isa = PBXBuildFile; fileRef = 5592E97424E12170002EC3FC /* LaunchScreen.storyboard */; };
		5592E98024E13A88002EC3FC /* WelcomeViewController.swift in Sources */ = {isa = PBXBuildFile; fileRef = 5592E97F24E13A88002EC3FC /* WelcomeViewController.swift */; };
/* End PBXBuildFile section */

/* Begin PBXFileReference section */
		5592E96624E1216C002EC3FC /* Log In.app */ = {isa = PBXFileReference; explicitFileType = wrapper.application; includeInIndex = 0; path = "Log In.app"; sourceTree = BUILT_PRODUCTS_DIR; };
		5592E96924E1216C002EC3FC /* AppDelegate.swift */ = {isa = PBXFileReference; lastKnownFileType = sourcecode.swift; path = AppDelegate.swift; sourceTree = "<group>"; };
		5592E96B24E1216C002EC3FC /* SceneDelegate.swift */ = {isa = PBXFileReference; lastKnownFileType = sourcecode.swift; path = SceneDelegate.swift; sourceTree = "<group>"; };
		5592E96D24E1216C002EC3FC /* LoginViewController.swift */ = {isa = PBXFileReference; lastKnownFileType = sourcecode.swift; path = LoginViewController.swift; sourceTree = "<group>"; };
		5592E97024E1216C002EC3FC /* Base */ = {isa = PBXFileReference; lastKnownFileType = file.storyboard; name = Base; path = Base.lproj/Main.storyboard; sourceTree = "<group>"; };
		5592E97224E12170002EC3FC /* Assets.xcassets */ = {isa = PBXFileReference; lastKnownFileType = folder.assetcatalog; path = Assets.xcassets; sourceTree = "<group>"; };
		5592E97524E12170002EC3FC /* Base */ = {isa = PBXFileReference; lastKnownFileType = file.storyboard; name = Base; path = Base.lproj/LaunchScreen.storyboard; sourceTree = "<group>"; };
		5592E97724E12170002EC3FC /* Info.plist */ = {isa = PBXFileReference; lastKnownFileType = text.plist.xml; path = Info.plist; sourceTree = "<group>"; };
		5592E97F24E13A88002EC3FC /* WelcomeViewController.swift */ = {isa = PBXFileReference; lastKnownFileType = sourcecode.swift; path = WelcomeViewController.swift; sourceTree = "<group>"; };
/* End PBXFileReference section */

/* Begin PBXFrameworksBuildPhase section */
		5592E96324E1216C002EC3FC /* Frameworks */ = {
			isa = PBXFrameworksBuildPhase;
			buildActionMask = 2147483647;
			files = (
			);
			runOnlyForDeploymentPostprocessing = 0;
		};
/* End PBXFrameworksBuildPhase section */

/* Begin PBXGroup section */
		5592E95D24E1216C002EC3FC = {
			isa = PBXGroup;
			children = (
				5592E96824E1216C002EC3FC /* Log In */,
				5592E96724E1216C002EC3FC /* Products */,
			);
			sourceTree = "<group>";
		};
		5592E96724E1216C002EC3FC /* Products */ = {
			isa = PBXGroup;
			children = (
				5592E96624E1216C002EC3FC /* Log In.app */,
			);
			name = Products;
			sourceTree = "<group>";
		};
		5592E96824E1216C002EC3FC /* Log In */ = {
			isa = PBXGroup;
			children = (
				5592E96924E1216C002EC3FC /* AppDelegate.swift */,
				5592E96B24E1216C002EC3FC /* SceneDelegate.swift */,
				5592E96D24E1216C002EC3FC /* LoginViewController.swift */,
				5592E96F24E1216C002EC3FC /* Main.storyboard */,
				5592E97224E12170002EC3FC /* Assets.xcassets */,
				5592E97424E12170002EC3FC /* LaunchScreen.storyboard */,
				5592E97724E12170002EC3FC /* Info.plist */,
				5592E97F24E13A88002EC3FC /* WelcomeViewController.swift */,
			);
			path = "Log In";
			sourceTree = "<group>";
		};
/* End PBXGroup section */

/* Begin PBXNativeTarget section */
		5592E96524E1216C002EC3FC /* Log In */ = {
			isa = PBXNativeTarget;
			buildConfigurationList = 5592E97A24E12170002EC3FC /* Build configuration list for PBXNativeTarget "Log In" */;
			buildPhases = (
				5592E96224E1216C002EC3FC /* Sources */,
				5592E96324E1216C002EC3FC /* Frameworks */,
				5592E96424E1216C002EC3FC /* Resources */,
			);
			buildRules = (
			);
			dependencies = (
			);
			name = "Log In";
			productName = "Log In";
			productReference = 5592E96624E1216C002EC3FC /* Log In.app */;
			productType = "com.apple.product-type.application";
		};
/* End PBXNativeTarget section */

/* Begin PBXProject section */
		5592E95E24E1216C002EC3FC /* Project object */ = {
			isa = PBXProject;
			attributes = {
				LastSwiftUpdateCheck = 1140;
				LastUpgradeCheck = 1140;
				ORGANIZATIONNAME = "Kairzhan Kural";
				TargetAttributes = {
					5592E96524E1216C002EC3FC = {
						CreatedOnToolsVersion = 11.4.1;
					};
				};
			};
			buildConfigurationList = 5592E96124E1216C002EC3FC /* Build configuration list for PBXProject "Log In" */;
			compatibilityVersion = "Xcode 9.3";
			developmentRegion = en;
			hasScannedForEncodings = 0;
			knownRegions = (
				en,
				Base,
			);
			mainGroup = 5592E95D24E1216C002EC3FC;
			productRefGroup = 5592E96724E1216C002EC3FC /* Products */;
			projectDirPath = "";
			projectRoot = "";
			targets = (
				5592E96524E1216C002EC3FC /* Log In */,
			);
		};
/* End PBXProject section */

/* Begin PBXResourcesBuildPhase section */
		5592E96424E1216C002EC3FC /* Resources */ = {
			isa = PBXResourcesBuildPhase;
			buildActionMask = 2147483647;
			files = (
				5592E97624E12170002EC3FC /* LaunchScreen.storyboard in Resources */,
				5592E97324E12170002EC3FC /* Assets.xcassets in Resources */,
				5592E97124E1216C002EC3FC /* Main.storyboard in Resources */,
			);
			runOnlyForDeploymentPostprocessing = 0;
		};
/* End PBXResourcesBuildPhase section */

/* Begin PBXSourcesBuildPhase section */
		5592E96224E1216C002EC3FC /* Sources */ = {
			isa = PBXSourcesBuildPhase;
			buildActionMask = 2147483647;
			files = (
				5592E96E24E1216C002EC3FC /* LoginViewController.swift in Sources */,
				5592E98024E13A88002EC3FC /* WelcomeViewController.swift in Sources */,
				5592E96A24E1216C002EC3FC /* AppDelegate.swift in Sources */,
				5592E96C24E1216C002EC3FC /* SceneDelegate.swift in Sources */,
			);
			runOnlyForDeploymentPostprocessing = 0;
		};
/* End PBXSourcesBuildPhase section */

/* Begin PBXVariantGroup section */
		5592E96F24E1216C002EC3FC /* Main.storyboard */ = {
			isa = PBXVariantGroup;
			children = (
				5592E97024E1216C002EC3FC /* Base */,
			);
			name = Main.storyboard;
			sourceTree = "<group>";
		};
		5592E97424E12170002EC3FC /* LaunchScreen.storyboard */ = {
			isa = PBXVariantGroup;
			children = (
				5592E97524E12170002EC3FC /* Base */,
			);
			name = LaunchScreen.storyboard;
			sourceTree = "<group>";
		};
/* End PBXVariantGroup section */

/* Begin XCBuildConfiguration section */
		5592E97824E12170002EC3FC /* Debug */ = {
			isa = XCBuildConfiguration;
			buildSettings = {
				ALWAYS_SEARCH_USER_PATHS = NO;
				CLANG_ANALYZER_NONNULL = YES;
				CLANG_ANALYZER_NUMBER_OBJECT_CONVERSION = YES_AGGRESSIVE;
				CLANG_CXX_LANGUAGE_STANDARD = "gnu++14";
				CLANG_CXX_LIBRARY = "libc++";
				CLANG_ENABLE_MODULES = YES;
				CLANG_ENABLE_OBJC_ARC = YES;
				CLANG_ENABLE_OBJC_WEAK = YES;
				CLANG_WARN_BLOCK_CAPTURE_AUTORELEASING = YES;
				CLANG_WARN_BOOL_CONVERSION = YES;
				CLANG_WARN_COMMA = YES;
				CLANG_WARN_CONSTANT_CONVERSION = YES;
				CLANG_WARN_DEPRECATED_OBJC_IMPLEMENTATIONS = YES;
				CLANG_WARN_DIRECT_OBJC_ISA_USAGE = YES_ERROR;
				CLANG_WARN_DOCUMENTATION_COMMENTS = YES;
				CLANG_WARN_EMPTY_BODY = YES;
				CLANG_WARN_ENUM_CONVERSION = YES;
				CLANG_WARN_INFINITE_RECURSION = YES;
				CLANG_WARN_INT_CONVERSION = YES;
				CLANG_WARN_NON_LITERAL_NULL_CONVERSION = YES;
				CLANG_WARN_OBJC_IMPLICIT_RETAIN_SELF = YES;
				CLANG_WARN_OBJC_LITERAL_CONVERSION = YES;
				CLANG_WARN_OBJC_ROOT_CLASS = YES_ERROR;
				CLANG_WARN_RANGE_LOOP_ANALYSIS = YES;
				CLANG_WARN_STRICT_PROTOTYPES = YES;
				CLANG_WARN_SUSPICIOUS_MOVE = YES;
				CLANG_WARN_UNGUARDED_AVAILABILITY = YES_AGGRESSIVE;
				CLANG_WARN_UNREACHABLE_CODE = YES;
				CLANG_WARN__DUPLICATE_METHOD_MATCH = YES;
				COPY_PHASE_STRIP = NO;
				DEBUG_INFORMATION_FORMAT = dwarf;
				ENABLE_STRICT_OBJC_MSGSEND = YES;
				ENABLE_TESTABILITY = YES;
				GCC_C_LANGUAGE_STANDARD = gnu11;
				GCC_DYNAMIC_NO_PIC = NO;
				GCC_NO_COMMON_BLOCKS = YES;
				GCC_OPTIMIZATION_LEVEL = 0;
				GCC_PREPROCESSOR_DEFINITIONS = (
					"DEBUG=1",
					"$(inherited)",
				);
				GCC_WARN_64_TO_32_BIT_CONVERSION = YES;
				GCC_WARN_ABOUT_RETURN_TYPE = YES_ERROR;
				GCC_WARN_UNDECLARED_SELECTOR = YES;
				GCC_WARN_UNINITIALIZED_AUTOS = YES_AGGRESSIVE;
				GCC_WARN_UNUSED_FUNCTION = YES;
				GCC_WARN_UNUSED_VARIABLE = YES;
				IPHONEOS_DEPLOYMENT_TARGET = 13.4;
				MTL_ENABLE_DEBUG_INFO = INCLUDE_SOURCE;
				MTL_FAST_MATH = YES;
				ONLY_ACTIVE_ARCH = YES;
				SDKROOT = iphoneos;
				SWIFT_ACTIVE_COMPILATION_CONDITIONS = DEBUG;
				SWIFT_OPTIMIZATION_LEVEL = "-Onone";
			};
			name = Debug;
		};
		5592E97924E12170002EC3FC /* Release */ = {
			isa = XCBuildConfiguration;
			buildSettings = {
				ALWAYS_SEARCH_USER_PATHS = NO;
				CLANG_ANALYZER_NONNULL = YES;
				CLANG_ANALYZER_NUMBER_OBJECT_CONVERSION = YES_AGGRESSIVE;
				CLANG_CXX_LANGUAGE_STANDARD = "gnu++14";
				CLANG_CXX_LIBRARY = "libc++";
				CLANG_ENABLE_MODULES = YES;
				CLANG_ENABLE_OBJC_ARC = YES;
				CLANG_ENABLE_OBJC_WEAK = YES;
				CLANG_WARN_BLOCK_CAPTURE_AUTORELEASING = YES;
				CLANG_WARN_BOOL_CONVERSION = YES;
				CLANG_WARN_COMMA = YES;
				CLANG_WARN_CONSTANT_CONVERSION = YES;
				CLANG_WARN_DEPRECATED_OBJC_IMPLEMENTATIONS = YES;
				CLANG_WARN_DIRECT_OBJC_ISA_USAGE = YES_ERROR;
				CLANG_WARN_DOCUMENTATION_COMMENTS = YES;
				CLANG_WARN_EMPTY_BODY = YES;
				CLANG_WARN_ENUM_CONVERSION = YES;
				CLANG_WARN_INFINITE_RECURSION = YES;
				CLANG_WARN_INT_CONVERSION = YES;
				CLANG_WARN_NON_LITERAL_NULL_CONVERSION = YES;
				CLANG_WARN_OBJC_IMPLICIT_RETAIN_SELF = YES;
				CLANG_WARN_OBJC_LITERAL_CONVERSION = YES;
				CLANG_WARN_OBJC_ROOT_CLASS = YES_ERROR;
				CLANG_WARN_RANGE_LOOP_ANALYSIS = YES;
				CLANG_WARN_STRICT_PROTOTYPES = YES;
				CLANG_WARN_SUSPICIOUS_MOVE = YES;
				CLANG_WARN_UNGUARDED_AVAILABILITY = YES_AGGRESSIVE;
				CLANG_WARN_UNREACHABLE_CODE = YES;
				CLANG_WARN__DUPLICATE_METHOD_MATCH = YES;
				COPY_PHASE_STRIP = NO;
				DEBUG_INFORMATION_FORMAT = "dwarf-with-dsym";
				ENABLE_NS_ASSERTIONS = NO;
				ENABLE_STRICT_OBJC_MSGSEND = YES;
				GCC_C_LANGUAGE_STANDARD = gnu11;
				GCC_NO_COMMON_BLOCKS = YES;
				GCC_WARN_64_TO_32_BIT_CONVERSION = YES;
				GCC_WARN_ABOUT_RETURN_TYPE = YES_ERROR;
				GCC_WARN_UNDECLARED_SELECTOR = YES;
				GCC_WARN_UNINITIALIZED_AUTOS = YES_AGGRESSIVE;
				GCC_WARN_UNUSED_FUNCTION = YES;
				GCC_WARN_UNUSED_VARIABLE = YES;
				IPHONEOS_DEPLOYMENT_TARGET = 13.4;
				MTL_ENABLE_DEBUG_INFO = NO;
				MTL_FAST_MATH = YES;
				SDKROOT = iphoneos;
				SWIFT_COMPILATION_MODE = wholemodule;
				SWIFT_OPTIMIZATION_LEVEL = "-O";
				VALIDATE_PRODUCT = YES;
			};
			name = Release;
		};
		5592E97B24E12170002EC3FC /* Debug */ = {
			isa = XCBuildConfiguration;
			buildSettings = {
				ASSETCATALOG_COMPILER_APPICON_NAME = AppIcon;
				CODE_SIGN_STYLE = Automatic;
				DEVELOPMENT_TEAM = 854Z63GAJD;
				INFOPLIST_FILE = "Log In/Info.plist";
				LD_RUNPATH_SEARCH_PATHS = (
					"$(inherited)",
					"@executable_path/Frameworks",
				);
				PRODUCT_BUNDLE_IDENTIFIER = "com.kairzhan.Log-In";
				PRODUCT_NAME = "$(TARGET_NAME)";
				SWIFT_VERSION = 5.0;
				TARGETED_DEVICE_FAMILY = "1,2";
			};
			name = Debug;
		};
		5592E97C24E12170002EC3FC /* Release */ = {
			isa = XCBuildConfiguration;
			buildSettings = {
				ASSETCATALOG_COMPILER_APPICON_NAME = AppIcon;
				CODE_SIGN_STYLE = Automatic;
				DEVELOPMENT_TEAM = 854Z63GAJD;
				INFOPLIST_FILE = "Log In/Info.plist";
				LD_RUNPATH_SEARCH_PATHS = (
					"$(inherited)",
					"@executable_path/Frameworks",
				);
				PRODUCT_BUNDLE_IDENTIFIER = "com.kairzhan.Log-In";
				PRODUCT_NAME = "$(TARGET_NAME)";
				SWIFT_VERSION = 5.0;
				TARGETED_DEVICE_FAMILY = "1,2";
			};
			name = Release;
		};
/* End XCBuildConfiguration section */

/* Begin XCConfigurationList section */
		5592E96124E1216C002EC3FC /* Build configuration list for PBXProject "Log In" */ = {
			isa = XCConfigurationList;
			buildConfigurations = (
				5592E97824E12170002EC3FC /* Debug */,
				5592E97924E12170002EC3FC /* Release */,
			);
			defaultConfigurationIsVisible = 0;
			defaultConfigurationName = Release;
		};
		5592E97A24E12170002EC3FC /* Build configuration list for PBXNativeTarget "Log In" */ = {
			isa = XCConfigurationList;
			buildConfigurations = (
				5592E97B24E12170002EC3FC /* Debug */,
				5592E97C24E12170002EC3FC /* Release */,
			);
			defaultConfigurationIsVisible = 0;
			defaultConfigurationName = Release;
		};
/* End XCConfigurationList section */
	};
	rootObject = 5592E95E24E1216C002EC3FC /* Project object */;
}
